{
  "name": "dotenv-typescript",
  "lockfileVersion": 2,
  "requires": true,
  "packages": {
    "": {
      "dependencies": {
        "dotenv": "^11.0.0"
      },
      "devDependencies": {
        "@types/node": "^17.0.8",
        "typescript": "^4.5.4"
      }
    },
    "node_modules/@types/node": {
      "version": "17.0.8",
      "resolved": "https://registry.npmjs.org/@types/node/-/node-17.0.8.tgz",
      "integrity": "sha512-YofkM6fGv4gDJq78g4j0mMuGMkZVxZDgtU0JRdx6FgiJDG+0fY0GKVolOV8WqVmEhLCXkQRjwDdKyPxJp/uucg==",
      "dev": true
    },
    "node_modules/dotenv": {
      "version": "11.0.0",
      "resolved": "https://registry.npmjs.org/dotenv/-/dotenv-11.0.0.tgz",
      "integrity": "sha512-Fp/b504Y5W+e+FpCxTFMUZ7ZEQkQYF0rx+KZtmwixJxGQbLHrhCwo3FjZgNC8vIfrSi29PABNbMoCGD9YoiXbQ==",
      "engines": {
        "node": ">=12"
      }
    },
    "node_modules/typescript": {
      "version": "4.5.4",
      "resolved": "https://registry.npmjs.org/typescript/-/typescript-4.5.4.tgz",
      "integrity": "sha512-VgYs2A2QIRuGphtzFV7aQJduJ2gyfTljngLzjpfW9FoYZF6xuw1W0vW9ghCKLfcWrCFxK81CSGRAvS1pn4fIUg==",
      "dev": true,
      "bin": {
        "tsc": "bin/tsc",
        "tsserver": "bin/tsserver"
      },
      "engines": {
        "node": ">=4.2.0"
      }
    }
  },
  "dependencies": {
    "@types/node": {
      "version": "17.0.8",
      "resolved": "https://registry.npmjs.org/@types/node/-/node-17.0.8.tgz",
      "integrity": "sha512-YofkM6fGv4gDJq78g4j0mMuGMkZVxZDgtU0JRdx6FgiJDG+0fY0GKVolOV8WqVmEhLCXkQRjwDdKyPxJp/uucg==",
      "dev": true
    },
    "dotenv": {
      "version": "11.0.0",
      "resolved": "https://registry.npmjs.org/dotenv/-/dotenv-11.0.0.tgz",
      "integrity": "sha512-Fp/b504Y5W+e+FpCxTFMUZ7ZEQkQYF0rx+KZtmwixJxGQbLHrhCwo3FjZgNC8vIfrSi29PABNbMoCGD9YoiXbQ=="
    },
    "typescript": {
      "version": "4.5.4",
      "resolved": "https://registry.npmjs.org/typescript/-/typescript-4.5.4.tgz",
      "integrity": "sha512-VgYs2A2QIRuGphtzFV7aQJduJ2gyfTljngLzjpfW9FoYZF6xuw1W0vW9ghCKLfcWrCFxK81CSGRAvS1pn4fIUg==",
      "dev": true
    }
  }
}
