{
  "name": "dotenv-vault-custom-target",
  "lockfileVersion": 3,
  "requires": true,
  "packages": {
    "": {
      "dependencies": {
        "dotenv": "^16.3.0"
      }
    },
    "node_modules/dotenv": {
      "version": "16.3.0",
      "resolved": "https://registry.npmjs.org/dotenv/-/dotenv-16.3.0.tgz",
      "integrity": "sha512-tHB+hmf8MRCkT3VVivGiG8kq9HiGTmQ3FzOKgztfpJQH1IWuZTOvKSJmHNnQPowecAmkCJhLrxdPhOr06LLqIQ==",
      "engines": {
        "node": ">=12"
      },
      "funding": {
        "url": "https://github.com/motdotla/dotenv?sponsor=1"
      }
    }
  }
}
