{
  "name": "dotenv-expand-preload",
  "lockfileVersion": 2,
  "requires": true,
  "packages": {
    "": {
      "dependencies": {
        "dotenv": "^16.0.0",
        "dotenv-expand": "github:motdotla/dotenv-expand#536ea72"
      }
    },
    "node_modules/dotenv": {
      "version": "16.0.0",
      "resolved": "https://registry.npmjs.org/dotenv/-/dotenv-16.0.0.tgz",
      "integrity": "sha512-qD9WU0MPM4SWLPJy/r2Be+2WgQj8plChsyrCNQzW/0WjvcJQiKQJ9mH3ZgB3fxbUUxgc/11ZJ0Fi5KiimWGz2Q==",
      "engines": {
        "node": ">=12"
      }
    },
    "node_modules/dotenv-expand": {
      "version": "8.0.2",
      "resolved": "git+ssh://git@github.com/motdotla/dotenv-expand.git#536ea72cda30c75cfd444ea488ea4e44e65db9a1",
      "license": "BSD-2-Clause",
      "engines": {
        "node": ">=12"
      }
    }
  },
  "dependencies": {
    "dotenv": {
      "version": "16.0.0",
      "resolved": "https://registry.npmjs.org/dotenv/-/dotenv-16.0.0.tgz",
      "integrity": "sha512-qD9WU0MPM4SWLPJy/r2Be+2WgQj8plChsyrCNQzW/0WjvcJQiKQJ9mH3ZgB3fxbUUxgc/11ZJ0Fi5KiimWGz2Q=="
    },
    "dotenv-expand": {
      "version": "git+ssh://git@github.com/motdotla/dotenv-expand.git#536ea72cda30c75cfd444ea488ea4e44e65db9a1",
      "from": "dotenv-expand@github:motdotla/dotenv-expand#536ea72"
    }
  }
}
