{
  "name": "dotenv-es6-import-pitfall",
  "lockfileVersion": 2,
  "requires": true,
  "packages": {
    "": {
      "dependencies": {
        "dotenv": "^12.0.3"
      }
    },
    "node_modules/dotenv": {
      "version": "12.0.3",
      "resolved": "https://registry.npmjs.org/dotenv/-/dotenv-12.0.3.tgz",
      "integrity": "sha512-RlOysyzyGiABgDFgITo5fRnMV1QStdoVvkXhnxQc5Or/CiQo52s2Bh6DVMvzZsmFQ9IrNxYHOC/gdpNwHsitnQ==",
      "engines": {
        "node": ">=12"
      }
    }
  },
  "dependencies": {
    "dotenv": {
      "version": "12.0.3",
      "resolved": "https://registry.npmjs.org/dotenv/-/dotenv-12.0.3.tgz",
      "integrity": "sha512-RlOysyzyGiABgDFgITo5fRnMV1QStdoVvkXhnxQc5Or/CiQo52s2Bh6DVMvzZsmFQ9IrNxYHOC/gdpNwHsitnQ=="
    }
  }
}
