# THIS IS AN AUTOGENERATED FILE. DO NOT EDIT THIS FILE DIRECTLY.
# yarn lockfile v1


dotenv@^16.1.1:
  version "16.1.1"
  resolved "https://registry.yarnpkg.com/dotenv/-/dotenv-16.1.1.tgz#9105a6c486ab66076231fbe7cf4ba77131a61d65"
  integrity sha512-UGmzIqXU/4b6Vb3R1Vrfd/4vGgVlB+mO+vEixOdfRhLeppkyW2BMhuK7TL8d0el+q9c4lW9qK2wZYhNLFhXYLA==
