{
  "name": "dotenv-assignment",
  "lockfileVersion": 2,
  "requires": true,
  "packages": {
    "": {
      "dependencies": {
        "dotenv": "^16.1.0-rc1"
      }
    },
    "node_modules/dotenv": {
      "version": "16.1.0-rc1",
      "resolved": "https://registry.npmjs.org/dotenv/-/dotenv-16.1.0-rc1.tgz",
      "integrity": "sha512-T9ZpMsEro6BE9RMEkiOIcT8LD3H7fQAB4jbZqeLnwNRuKadH+WjuC+NXoyfdajInw13Ooq2Hni+3fp2p/PV3KQ==",
      "engines": {
        "node": ">=12"
      }
    }
  },
  "dependencies": {
    "dotenv": {
      "version": "16.1.0-rc1",
      "resolved": "https://registry.npmjs.org/dotenv/-/dotenv-16.1.0-rc1.tgz",
      "integrity": "sha512-T9ZpMsEro6BE9RMEkiOIcT8LD3H7fQAB4jbZqeLnwNRuKadH+WjuC+NXoyfdajInw13Ooq2Hni+3fp2p/PV3KQ=="
    }
  }
}
