{
  "name": "dotenv-nodejs",
  "lockfileVersion": 2,
  "requires": true,
  "packages": {
    "": {
      "dependencies": {
        "dotenv": "^12.0.0"
      }
    },
    "node_modules/dotenv": {
      "version": "12.0.0",
      "resolved": "https://registry.npmjs.org/dotenv/-/dotenv-12.0.0.tgz",
      "integrity": "sha512-XtWJhnSVnpOAokN5N2LFLdFgSz+VgaX2e9jbQwHBXpG2toGCBf8dgfBy5TZWkn/YwUXlwBounogLH2myzW+Xbw==",
      "engines": {
        "node": ">=12"
      }
    }
  },
  "dependencies": {
    "dotenv": {
      "version": "12.0.0",
      "resolved": "https://registry.npmjs.org/dotenv/-/dotenv-12.0.0.tgz",
      "integrity": "sha512-XtWJhnSVnpOAokN5N2LFLdFgSz+VgaX2e9jbQwHBXpG2toGCBf8dgfBy5TZWkn/YwUXlwBounogLH2myzW+Xbw=="
    }
  }
}
