{
  "name": "dotenv-typescript-custom-target",
  "lockfileVersion": 3,
  "requires": true,
  "packages": {
    "": {
      "dependencies": {
        "dotenv": "motdotla/dotenv#50163a1de9ae392fef03600350fef7d043e26361"
      }
    },
    "node_modules/dotenv": {
      "version": "16.3.0",
      "resolved": "git+ssh://git@github.com/motdotla/dotenv.git#50163a1de9ae392fef03600350fef7d043e26361",
      "integrity": "sha512-hn6G5dVee+rD825GNS4IvRbhe99lX/nkce7TFxUz9oNi+TpMoVXv0MoHTgyGUw0nsgOQxuhokp1CuxXE1A59Zw==",
      "license": "BSD-2-Clause",
      "engines": {
        "node": ">=12"
      },
      "funding": {
        "url": "https://github.com/motdotla/dotenv?sponsor=1"
      }
    }
  }
}
