{
  "name": "dotenv-#",
  "lockfileVersion": 2,
  "requires": true,
  "packages": {
    "": {
      "dependencies": {
        "dotenv": "^14.3.0"
      }
    },
    "node_modules/dotenv": {
      "version": "14.3.0",
      "resolved": "https://registry.npmjs.org/dotenv/-/dotenv-14.3.0.tgz",
      "integrity": "sha512-PCTcOQSXVo9FI1dB7AichJXMEvmiGCq0gnCpjfDUc8505uR+2MeLXWe+Ue4PN5UXa2isHSa78sr7L59fk+2mnQ==",
      "engines": {
        "node": ">=12"
      }
    }
  },
  "dependencies": {
    "dotenv": {
      "version": "14.3.0",
      "resolved": "https://registry.npmjs.org/dotenv/-/dotenv-14.3.0.tgz",
      "integrity": "sha512-PCTcOQSXVo9FI1dB7AichJXMEvmiGCq0gnCpjfDUc8505uR+2MeLXWe+Ue4PN5UXa2isHSa78sr7L59fk+2mnQ=="
    }
  }
}
