{
  "name": "dotenv-command-substitution",
  "lockfileVersion": 2,
  "requires": true,
  "packages": {
    "": {
      "dependencies": {
        "dotenv": "^16.0.0",
        "dotenv-eval": "^0.2.0"
      }
    },
    "node_modules/dotenv": {
      "version": "16.0.0",
      "resolved": "https://registry.npmjs.org/dotenv/-/dotenv-16.0.0.tgz",
      "integrity": "sha512-qD9WU0MPM4SWLPJy/r2Be+2WgQj8plChsyrCNQzW/0WjvcJQiKQJ9mH3ZgB3fxbUUxgc/11ZJ0Fi5KiimWGz2Q==",
      "engines": {
        "node": ">=12"
      }
    },
    "node_modules/dotenv-eval": {
      "version": "0.2.0",
      "resolved": "https://registry.npmjs.org/dotenv-eval/-/dotenv-eval-0.2.0.tgz",
      "integrity": "sha512-8YGHV07AnDMoKqoCNsvfySb4DMhRZ4gduB9Ld4RYhNnL9nZ7FaYgu+X3KtFoIRKiQGP7mZ4NyUYQFLr5spdN4w==",
      "engines": {
        "node": ">=12"
      }
    }
  },
  "dependencies": {
    "dotenv": {
      "version": "16.0.0",
      "resolved": "https://registry.npmjs.org/dotenv/-/dotenv-16.0.0.tgz",
      "integrity": "sha512-qD9WU0MPM4SWLPJy/r2Be+2WgQj8plChsyrCNQzW/0WjvcJQiKQJ9mH3ZgB3fxbUUxgc/11ZJ0Fi5KiimWGz2Q=="
    },
    "dotenv-eval": {
      "version": "0.2.0",
      "resolved": "https://registry.npmjs.org/dotenv-eval/-/dotenv-eval-0.2.0.tgz",
      "integrity": "sha512-8YGHV07AnDMoKqoCNsvfySb4DMhRZ4gduB9Ld4RYhNnL9nZ7FaYgu+X3KtFoIRKiQGP7mZ4NyUYQFLr5spdN4w=="
    }
  }
}
