{
  "name": "dotenv-esm-preload",
  "lockfileVersion": 2,
  "requires": true,
  "packages": {
    "": {
      "devDependencies": {
        "dotenv": "^11.0.0"
      }
    },
    "node_modules/dotenv": {
      "version": "11.0.0",
      "resolved": "https://registry.npmjs.org/dotenv/-/dotenv-11.0.0.tgz",
      "integrity": "sha512-Fp/b504Y5W+e+FpCxTFMUZ7ZEQkQYF0rx+KZtmwixJxGQbLHrhCwo3FjZgNC8vIfrSi29PABNbMoCGD9YoiXbQ==",
      "dev": true,
      "engines": {
        "node": ">=12"
      }
    }
  },
  "dependencies": {
    "dotenv": {
      "version": "11.0.0",
      "resolved": "https://registry.npmjs.org/dotenv/-/dotenv-11.0.0.tgz",
      "integrity": "sha512-Fp/b504Y5W+e+FpCxTFMUZ7ZEQkQYF0rx+KZtmwixJxGQbLHrhCwo3FjZgNC8vIfrSi29PABNbMoCGD9YoiXbQ==",
      "dev": true
    }
  }
}
