{
  "name": "dotenv-nodejs-multiline",
  "lockfileVersion": 2,
  "requires": true,
  "packages": {
    "": {
      "devDependencies": {
        "dotenv": "github:motdotla/dotenv#01123f9f4129c5c9755dd2bd7b363d81afbc91d8"
      }
    },
    "node_modules/dotenv": {
      "version": "14.2.0",
      "resolved": "git+ssh://git@github.com/motdotla/dotenv.git#01123f9f4129c5c9755dd2bd7b363d81afbc91d8",
      "integrity": "sha512-p6z9BkJyIDzVs3rkpXAIu+c5kOTCkoVekF1Jw3lWrhXhejxTv4PmLgaJ5rhXeCcG64r3va2J3HuIwkdSbbmB2Q==",
      "dev": true,
      "license": "BSD-2-Clause",
      "engines": {
        "node": ">=12"
      }
    }
  },
  "dependencies": {
    "dotenv": {
      "version": "git+ssh://git@github.com/motdotla/dotenv.git#01123f9f4129c5c9755dd2bd7b363d81afbc91d8",
      "integrity": "sha512-p6z9BkJyIDzVs3rkpXAIu+c5kOTCkoVekF1Jw3lWrhXhejxTv4PmLgaJ5rhXeCcG64r3va2J3HuIwkdSbbmB2Q==",
      "dev": true,
      "from": "dotenv@motdotla/dotenv#01123f9f4129c5c9755dd2bd7b363d81afbc91d8"
    }
  }
}
