{
  "name": "dotenv-vault-typescript-custom-target",
  "lockfileVersion": 3,
  "requires": true,
  "packages": {
    "": {
      "dependencies": {
        "dotenv": "motdotla/dotenv#80fff4bbf052c68e51b7a3efcca6e9322621202a"
      }
    },
    "node_modules/dotenv": {
      "version": "16.3.0",
      "resolved": "git+ssh://git@github.com/motdotla/dotenv.git#80fff4bbf052c68e51b7a3efcca6e9322621202a",
      "integrity": "sha512-byeWhtI3J/ILGnaUPFvAA+F0Y99eLd8N9auBboJB8/FzHbrhGIpB5Wna1yMqzU6aaPfk3BCPJ86zJEuYNt+hyw==",
      "license": "BSD-2-Clause",
      "engines": {
        "node": ">=12"
      },
      "funding": {
        "url": "https://github.com/motdotla/dotenv?sponsor=1"
      }
    }
  }
}
