{
  "name": "dotenv-nodejs-override",
  "lockfileVersion": 2,
  "requires": true,
  "packages": {
    "": {
      "dependencies": {
        "dotenv": "github:motdotla/dotenv#fad2cad"
      }
    },
    "node_modules/dotenv": {
      "version": "14.0.1",
      "resolved": "git+ssh://git@github.com/motdotla/dotenv.git#fad2cad2297cdbcafa1b48491bea18e4975c88fd",
      "license": "BSD-2-Clause",
      "engines": {
        "node": ">=12"
      }
    }
  },
  "dependencies": {
    "dotenv": {
      "version": "git+ssh://git@github.com/motdotla/dotenv.git#fad2cad2297cdbcafa1b48491bea18e4975c88fd",
      "from": "dotenv@motdotla/dotenv#fad2cad"
    }
  }
}
