{
  "name": "dotenv-nodejs-override",
  "lockfileVersion": 2,
  "requires": true,
  "packages": {
    "": {
      "dependencies": {
        "dotenv": "14.1.0"
      }
    },
    "node_modules/dotenv": {
      "version": "14.1.0",
      "resolved": "https://registry.npmjs.org/dotenv/-/dotenv-14.1.0.tgz",
      "integrity": "sha512-h8V+Yfa8m0YSjf3Rgbno51cxWldb4PEixIJVL55VmW7uAfeLQKiaPrEUiBps+ARK9MeqjJgTf269OMmu6lOODQ==",
      "engines": {
        "node": ">=12"
      }
    }
  },
  "dependencies": {
    "dotenv": {
      "version": "14.1.0",
      "resolved": "https://registry.npmjs.org/dotenv/-/dotenv-14.1.0.tgz",
      "integrity": "sha512-h8V+Yfa8m0YSjf3Rgbno51cxWldb4PEixIJVL55VmW7uAfeLQKiaPrEUiBps+ARK9MeqjJgTf269OMmu6lOODQ=="
    }
  }
}
