{
  "name": "dotenv-esm",
  "lockfileVersion": 2,
  "requires": true,
  "packages": {
    "": {
      "devDependencies": {
        "dotenv": "^14.3.1"
      }
    },
    "node_modules/dotenv": {
      "version": "14.3.1",
      "resolved": "https://registry.npmjs.org/dotenv/-/dotenv-14.3.1.tgz",
      "integrity": "sha512-qMpNS0qiX1sFnBTn9zcXxL+IPcnb3WJni85/R60vSAE4V0TBWj9pyrq0dOoK87B4MdYkAUWU8WL4W/4OzYn9LQ==",
      "dev": true,
      "engines": {
        "node": ">=12"
      }
    }
  },
  "dependencies": {
    "dotenv": {
      "version": "14.3.1",
      "resolved": "https://registry.npmjs.org/dotenv/-/dotenv-14.3.1.tgz",
      "integrity": "sha512-qMpNS0qiX1sFnBTn9zcXxL+IPcnb3WJni85/R60vSAE4V0TBWj9pyrq0dOoK87B4MdYkAUWU8WL4W/4OzYn9LQ==",
      "dev": true
    }
  }
}
