{
  "name": "dotenv-nodejs-debug",
  "lockfileVersion": 2,
  "requires": true,
  "packages": {
    "": {
      "devDependencies": {
        "dotenv": "^13.0.1"
      }
    },
    "node_modules/dotenv": {
      "version": "13.0.1",
      "resolved": "git+ssh://git@github.com/motdotla/dotenv.git#1cb481661d151889ab76e8f959237dab7f7f67f2",
      "dev": true,
      "license": "BSD-2-Clause",
      "engines": {
        "node": ">=12"
      }
    }
  },
  "dependencies": {
    "dotenv": {
      "version": "git+ssh://git@github.com/motdotla/dotenv.git#1cb481661d151889ab76e8f959237dab7f7f67f2",
      "dev": true,
      "from": "dotenv@^13.0.1"
    }
  }
}
